// !$*UTF8*$!
{
	archiveVersion = 1;
	classes = {
	};
	objectVersion = 48;
	objects = {

/* Begin PBXBuildFile section */
		14B73DB55BEFB93979724910 /* Pods_Nizi_iOS_Applicatie.framework in Frameworks */ = {isa = PBXBuildFile; fileRef = 39B96EEA8D4FA77DA66BCBC4 /* Pods_Nizi_iOS_Applicatie.framework */; };
		3F15032F23843FD700A914F9 /* Localizable.strings in Resources */ = {isa = PBXBuildFile; fileRef = 3F15033123843FD700A914F9 /* Localizable.strings */; };
		3F1503362384417200A914F9 /* LoginViewController.swift in Sources */ = {isa = PBXBuildFile; fileRef = 3F1503352384417200A914F9 /* LoginViewController.swift */; };
		3F408CB523896CE7009F18C0 /* PatientListViewController.swift in Sources */ = {isa = PBXBuildFile; fileRef = 3F408CB423896CE7009F18C0 /* PatientListViewController.swift */; };
		3F408CB723897AA3009F18C0 /* Patient.swift in Sources */ = {isa = PBXBuildFile; fileRef = 3F408CB623897AA3009F18C0 /* Patient.swift */; };
		3F408CBB23897EF5009F18C0 /* PatientListTableViewCell.swift in Sources */ = {isa = PBXBuildFile; fileRef = 3F408CB923897EF5009F18C0 /* PatientListTableViewCell.swift */; };
		3F408CBC23897EF5009F18C0 /* PatientListTableViewCell.xib in Resources */ = {isa = PBXBuildFile; fileRef = 3F408CBA23897EF5009F18C0 /* PatientListTableViewCell.xib */; };
		3F408CBE238A825C009F18C0 /* AddPatientViewController.swift in Sources */ = {isa = PBXBuildFile; fileRef = 3F408CBD238A825C009F18C0 /* AddPatientViewController.swift */; };
		3F408CC0238E68F8009F18C0 /* Auth0.plist in Resources */ = {isa = PBXBuildFile; fileRef = 3F408CBF238E68F8009F18C0 /* Auth0.plist */; };
		3FFE1C27238423FE0043E9CA /* AppDelegate.swift in Sources */ = {isa = PBXBuildFile; fileRef = 3FFE1C26238423FE0043E9CA /* AppDelegate.swift */; };
		3FFE1C29238423FE0043E9CA /* ViewController.swift in Sources */ = {isa = PBXBuildFile; fileRef = 3FFE1C28238423FE0043E9CA /* ViewController.swift */; };
		3FFE1C2C238423FE0043E9CA /* Main.storyboard in Resources */ = {isa = PBXBuildFile; fileRef = 3FFE1C2A238423FE0043E9CA /* Main.storyboard */; };
		3FFE1C2E238423FE0043E9CA /* Assets.xcassets in Resources */ = {isa = PBXBuildFile; fileRef = 3FFE1C2D238423FE0043E9CA /* Assets.xcassets */; };
		3FFE1C31238423FE0043E9CA /* LaunchScreen.storyboard in Resources */ = {isa = PBXBuildFile; fileRef = 3FFE1C2F238423FE0043E9CA /* LaunchScreen.storyboard */; };
		9391A8E7238BEA7F00AF7AA5 /* DiaryListViewController.swift in Sources */ = {isa = PBXBuildFile; fileRef = 9391A8E6238BEA7F00AF7AA5 /* DiaryListViewController.swift */; };
/* End PBXBuildFile section */

/* Begin PBXFileReference section */
		07B9BB85E39B92F0435FE66F /* Pods-Nizi iOS Applicatie.release.xcconfig */ = {isa = PBXFileReference; includeInIndex = 1; lastKnownFileType = text.xcconfig; name = "Pods-Nizi iOS Applicatie.release.xcconfig"; path = "Target Support Files/Pods-Nizi iOS Applicatie/Pods-Nizi iOS Applicatie.release.xcconfig"; sourceTree = "<group>"; };
		39B96EEA8D4FA77DA66BCBC4 /* Pods_Nizi_iOS_Applicatie.framework */ = {isa = PBXFileReference; explicitFileType = wrapper.framework; includeInIndex = 0; path = Pods_Nizi_iOS_Applicatie.framework; sourceTree = BUILT_PRODUCTS_DIR; };
		3F15032623843EB100A914F9 /* nl */ = {isa = PBXFileReference; lastKnownFileType = text.plist.strings; name = nl; path = nl.lproj/Main.strings; sourceTree = "<group>"; };
		3F15032723843EB100A914F9 /* nl */ = {isa = PBXFileReference; lastKnownFileType = text.plist.strings; name = nl; path = nl.lproj/LaunchScreen.strings; sourceTree = "<group>"; };
		3F15033023843FD700A914F9 /* nl */ = {isa = PBXFileReference; lastKnownFileType = text.plist.strings; name = nl; path = nl.lproj/Localizable.strings; sourceTree = "<group>"; };
		3F15033323843FF600A914F9 /* Base */ = {isa = PBXFileReference; lastKnownFileType = text.plist.strings; name = Base; path = Base.lproj/Localizable.strings; sourceTree = "<group>"; };
		3F15033423843FF700A914F9 /* en */ = {isa = PBXFileReference; lastKnownFileType = text.plist.strings; name = en; path = en.lproj/Localizable.strings; sourceTree = "<group>"; };
		3F1503352384417200A914F9 /* LoginViewController.swift */ = {isa = PBXFileReference; lastKnownFileType = sourcecode.swift; path = LoginViewController.swift; sourceTree = "<group>"; };
		3F408CB423896CE7009F18C0 /* PatientListViewController.swift */ = {isa = PBXFileReference; lastKnownFileType = sourcecode.swift; path = PatientListViewController.swift; sourceTree = "<group>"; };
		3F408CB623897AA3009F18C0 /* Patient.swift */ = {isa = PBXFileReference; lastKnownFileType = sourcecode.swift; path = Patient.swift; sourceTree = "<group>"; };
		3F408CB923897EF5009F18C0 /* PatientListTableViewCell.swift */ = {isa = PBXFileReference; lastKnownFileType = sourcecode.swift; path = PatientListTableViewCell.swift; sourceTree = "<group>"; };
		3F408CBA23897EF5009F18C0 /* PatientListTableViewCell.xib */ = {isa = PBXFileReference; lastKnownFileType = file.xib; path = PatientListTableViewCell.xib; sourceTree = "<group>"; };
		3F408CBD238A825C009F18C0 /* AddPatientViewController.swift */ = {isa = PBXFileReference; lastKnownFileType = sourcecode.swift; path = AddPatientViewController.swift; sourceTree = "<group>"; };
		3F408CBF238E68F8009F18C0 /* Auth0.plist */ = {isa = PBXFileReference; lastKnownFileType = text.plist; path = Auth0.plist; sourceTree = "<group>"; };
		3FFE1C23238423FD0043E9CA /* Nizi iOS Applicatie.app */ = {isa = PBXFileReference; explicitFileType = wrapper.application; includeInIndex = 0; path = "Nizi iOS Applicatie.app"; sourceTree = BUILT_PRODUCTS_DIR; };
		3FFE1C26238423FE0043E9CA /* AppDelegate.swift */ = {isa = PBXFileReference; lastKnownFileType = sourcecode.swift; path = AppDelegate.swift; sourceTree = "<group>"; };
		3FFE1C28238423FE0043E9CA /* ViewController.swift */ = {isa = PBXFileReference; lastKnownFileType = sourcecode.swift; path = ViewController.swift; sourceTree = "<group>"; };
		3FFE1C2B238423FE0043E9CA /* Base */ = {isa = PBXFileReference; lastKnownFileType = file.storyboard; name = Base; path = Base.lproj/Main.storyboard; sourceTree = "<group>"; };
		3FFE1C2D238423FE0043E9CA /* Assets.xcassets */ = {isa = PBXFileReference; lastKnownFileType = folder.assetcatalog; path = Assets.xcassets; sourceTree = "<group>"; };
		3FFE1C30238423FE0043E9CA /* Base */ = {isa = PBXFileReference; lastKnownFileType = file.storyboard; name = Base; path = Base.lproj/LaunchScreen.storyboard; sourceTree = "<group>"; };
		3FFE1C32238423FE0043E9CA /* Info.plist */ = {isa = PBXFileReference; lastKnownFileType = text.plist.xml; path = Info.plist; sourceTree = "<group>"; };
		769D2CD3EAC7C8B2E988CFD2 /* Pods-Nizi iOS Applicatie.debug.xcconfig */ = {isa = PBXFileReference; includeInIndex = 1; lastKnownFileType = text.xcconfig; name = "Pods-Nizi iOS Applicatie.debug.xcconfig"; path = "Target Support Files/Pods-Nizi iOS Applicatie/Pods-Nizi iOS Applicatie.debug.xcconfig"; sourceTree = "<group>"; };
		9391A8E6238BEA7F00AF7AA5 /* DiaryListViewController.swift */ = {isa = PBXFileReference; lastKnownFileType = sourcecode.swift; path = DiaryListViewController.swift; sourceTree = "<group>"; };
/* End PBXFileReference section */

/* Begin PBXFrameworksBuildPhase section */
		3FFE1C20238423FD0043E9CA /* Frameworks */ = {
			isa = PBXFrameworksBuildPhase;
			buildActionMask = 2147483647;
			files = (
				14B73DB55BEFB93979724910 /* Pods_Nizi_iOS_Applicatie.framework in Frameworks */,
			);
			runOnlyForDeploymentPostprocessing = 0;
		};
/* End PBXFrameworksBuildPhase section */

/* Begin PBXGroup section */
		10DBD9CB67810508757961D8 /* Pods */ = {
			isa = PBXGroup;
			children = (
				769D2CD3EAC7C8B2E988CFD2 /* Pods-Nizi iOS Applicatie.debug.xcconfig */,
				07B9BB85E39B92F0435FE66F /* Pods-Nizi iOS Applicatie.release.xcconfig */,
			);
			path = Pods;
			sourceTree = "<group>";
		};
		3F15032323843DA200A914F9 /* Model */ = {
			isa = PBXGroup;
			children = (
				3F408CB623897AA3009F18C0 /* Patient.swift */,
			);
			path = Model;
			sourceTree = "<group>";
		};
		3F15032423843DBF00A914F9 /* Controller */ = {
			isa = PBXGroup;
			children = (
				3F1503352384417200A914F9 /* LoginViewController.swift */,
				3F408CB423896CE7009F18C0 /* PatientListViewController.swift */,
				3F408CBD238A825C009F18C0 /* AddPatientViewController.swift */,
				9391A8E6238BEA7F00AF7AA5 /* DiaryListViewController.swift */,
			);
			path = Controller;
			sourceTree = "<group>";
		};
		3F15032523843DDA00A914F9 /* View */ = {
			isa = PBXGroup;
			children = (
				3F408CB823897EC3009F18C0 /* PatientListTableViewCell */,
			);
			path = View;
			sourceTree = "<group>";
		};
		3F408CB823897EC3009F18C0 /* PatientListTableViewCell */ = {
			isa = PBXGroup;
			children = (
				3F408CB923897EF5009F18C0 /* PatientListTableViewCell.swift */,
				3F408CBA23897EF5009F18C0 /* PatientListTableViewCell.xib */,
			);
			path = PatientListTableViewCell;
			sourceTree = "<group>";
		};
		3FFE1C1A238423FD0043E9CA = {
			isa = PBXGroup;
			children = (
				3FFE1C25238423FD0043E9CA /* Nizi iOS Applicatie */,
				3FFE1C24238423FD0043E9CA /* Products */,
				10DBD9CB67810508757961D8 /* Pods */,
				709743723BA0799FB0970510 /* Frameworks */,
			);
			sourceTree = "<group>";
		};
		3FFE1C24238423FD0043E9CA /* Products */ = {
			isa = PBXGroup;
			children = (
				3FFE1C23238423FD0043E9CA /* Nizi iOS Applicatie.app */,
			);
			name = Products;
			sourceTree = "<group>";
		};
		3FFE1C25238423FD0043E9CA /* Nizi iOS Applicatie */ = {
			isa = PBXGroup;
			children = (
				3F15032323843DA200A914F9 /* Model */,
				3F15032523843DDA00A914F9 /* View */,
				3F15032423843DBF00A914F9 /* Controller */,
				3FFE1C26238423FE0043E9CA /* AppDelegate.swift */,
				3FFE1C28238423FE0043E9CA /* ViewController.swift */,
				3FFE1C2A238423FE0043E9CA /* Main.storyboard */,
				3FFE1C2D238423FE0043E9CA /* Assets.xcassets */,
				3FFE1C2F238423FE0043E9CA /* LaunchScreen.storyboard */,
				3FFE1C32238423FE0043E9CA /* Info.plist */,
				3F15033123843FD700A914F9 /* Localizable.strings */,
				3F408CBF238E68F8009F18C0 /* Auth0.plist */,
			);
			path = "Nizi iOS Applicatie";
			sourceTree = "<group>";
		};
		709743723BA0799FB0970510 /* Frameworks */ = {
			isa = PBXGroup;
			children = (
				39B96EEA8D4FA77DA66BCBC4 /* Pods_Nizi_iOS_Applicatie.framework */,
			);
			name = Frameworks;
			sourceTree = "<group>";
		};
/* End PBXGroup section */

/* Begin PBXNativeTarget section */
		3FFE1C22238423FD0043E9CA /* Nizi iOS Applicatie */ = {
			isa = PBXNativeTarget;
			buildConfigurationList = 3FFE1C35238423FE0043E9CA /* Build configuration list for PBXNativeTarget "Nizi iOS Applicatie" */;
			buildPhases = (
				05557F3F964AFBCA32C2BB92 /* [CP] Check Pods Manifest.lock */,
				3FFE1C1F238423FD0043E9CA /* Sources */,
				3FFE1C20238423FD0043E9CA /* Frameworks */,
				3FFE1C21238423FD0043E9CA /* Resources */,
				E39EC88DB0DD1A74594F4171 /* [CP] Embed Pods Frameworks */,
			);
			buildRules = (
			);
			dependencies = (
			);
			name = "Nizi iOS Applicatie";
			productName = "Nizi iOS Applicatie";
			productReference = 3FFE1C23238423FD0043E9CA /* Nizi iOS Applicatie.app */;
			productType = "com.apple.product-type.application";
		};
/* End PBXNativeTarget section */

/* Begin PBXProject section */
		3FFE1C1B238423FD0043E9CA /* Project object */ = {
			isa = PBXProject;
			attributes = {
				LastSwiftUpdateCheck = 0900;
				LastUpgradeCheck = 0900;
				ORGANIZATIONNAME = "De Mobiele Jongens";
				TargetAttributes = {
					3FFE1C22238423FD0043E9CA = {
						CreatedOnToolsVersion = 9.0;
						ProvisioningStyle = Automatic;
					};
				};
			};
			buildConfigurationList = 3FFE1C1E238423FD0043E9CA /* Build configuration list for PBXProject "Nizi iOS Applicatie" */;
			compatibilityVersion = "Xcode 8.0";
			developmentRegion = en;
			hasScannedForEncodings = 0;
			knownRegions = (
				en,
				Base,
				nl,
			);
			mainGroup = 3FFE1C1A238423FD0043E9CA;
			productRefGroup = 3FFE1C24238423FD0043E9CA /* Products */;
			projectDirPath = "";
			projectRoot = "";
			targets = (
				3FFE1C22238423FD0043E9CA /* Nizi iOS Applicatie */,
			);
		};
/* End PBXProject section */

/* Begin PBXResourcesBuildPhase section */
		3FFE1C21238423FD0043E9CA /* Resources */ = {
			isa = PBXResourcesBuildPhase;
			buildActionMask = 2147483647;
			files = (
				3FFE1C31238423FE0043E9CA /* LaunchScreen.storyboard in Resources */,
				3F408CC0238E68F8009F18C0 /* Auth0.plist in Resources */,
				3F15032F23843FD700A914F9 /* Localizable.strings in Resources */,
				3F408CBC23897EF5009F18C0 /* PatientListTableViewCell.xib in Resources */,
				3FFE1C2E238423FE0043E9CA /* Assets.xcassets in Resources */,
				3FFE1C2C238423FE0043E9CA /* Main.storyboard in Resources */,
			);
			runOnlyForDeploymentPostprocessing = 0;
		};
/* End PBXResourcesBuildPhase section */

/* Begin PBXShellScriptBuildPhase section */
		05557F3F964AFBCA32C2BB92 /* [CP] Check Pods Manifest.lock */ = {
			isa = PBXShellScriptBuildPhase;
			buildActionMask = 2147483647;
			files = (
			);
			inputPaths = (
				"${PODS_PODFILE_DIR_PATH}/Podfile.lock",
				"${PODS_ROOT}/Manifest.lock",
			);
			name = "[CP] Check Pods Manifest.lock";
			outputPaths = (
				"$(DERIVED_FILE_DIR)/Pods-Nizi iOS Applicatie-checkManifestLockResult.txt",
			);
			runOnlyForDeploymentPostprocessing = 0;
			shellPath = /bin/sh;
			shellScript = "diff \"${PODS_PODFILE_DIR_PATH}/Podfile.lock\" \"${PODS_ROOT}/Manifest.lock\" > /dev/null\nif [ $? != 0 ] ; then\n    # print error to STDERR\n    echo \"error: The sandbox is not in sync with the Podfile.lock. Run 'pod install' or update your CocoaPods installation.\" >&2\n    exit 1\nfi\n# This output is used by Xcode 'outputs' to avoid re-running this script phase.\necho \"SUCCESS\" > \"${SCRIPT_OUTPUT_FILE_0}\"\n";
			showEnvVarsInLog = 0;
		};
		E39EC88DB0DD1A74594F4171 /* [CP] Embed Pods Frameworks */ = {
			isa = PBXShellScriptBuildPhase;
			buildActionMask = 2147483647;
			files = (
			);
			inputPaths = (
				"${PODS_ROOT}/Target Support Files/Pods-Nizi iOS Applicatie/Pods-Nizi iOS Applicatie-frameworks.sh",
				"${BUILT_PRODUCTS_DIR}/Alamofire/Alamofire.framework",
				"${BUILT_PRODUCTS_DIR}/Auth0/Auth0.framework",
				"${BUILT_PRODUCTS_DIR}/Kingfisher/Kingfisher.framework",
				"${BUILT_PRODUCTS_DIR}/SwiftKeychainWrapper/SwiftKeychainWrapper.framework",
			);
			name = "[CP] Embed Pods Frameworks";
			outputPaths = (
				"${TARGET_BUILD_DIR}/${FRAMEWORKS_FOLDER_PATH}/Alamofire.framework",
				"${TARGET_BUILD_DIR}/${FRAMEWORKS_FOLDER_PATH}/Auth0.framework",
				"${TARGET_BUILD_DIR}/${FRAMEWORKS_FOLDER_PATH}/Kingfisher.framework",
				"${TARGET_BUILD_DIR}/${FRAMEWORKS_FOLDER_PATH}/SwiftKeychainWrapper.framework",
			);
			runOnlyForDeploymentPostprocessing = 0;
			shellPath = /bin/sh;
			shellScript = "\"${PODS_ROOT}/Target Support Files/Pods-Nizi iOS Applicatie/Pods-Nizi iOS Applicatie-frameworks.sh\"\n";
			showEnvVarsInLog = 0;
		};
/* End PBXShellScriptBuildPhase section */

/* Begin PBXSourcesBuildPhase section */
		3FFE1C1F238423FD0043E9CA /* Sources */ = {
			isa = PBXSourcesBuildPhase;
			buildActionMask = 2147483647;
			files = (
				3F1503362384417200A914F9 /* LoginViewController.swift in Sources */,
				3FFE1C29238423FE0043E9CA /* ViewController.swift in Sources */,
				3F408CB523896CE7009F18C0 /* PatientListViewController.swift in Sources */,
				3FFE1C27238423FE0043E9CA /* AppDelegate.swift in Sources */,
				9391A8E7238BEA7F00AF7AA5 /* DiaryListViewController.swift in Sources */,
				3F408CB723897AA3009F18C0 /* Patient.swift in Sources */,
				3F408CBB23897EF5009F18C0 /* PatientListTableViewCell.swift in Sources */,
				3F408CBE238A825C009F18C0 /* AddPatientViewController.swift in Sources */,
			);
			runOnlyForDeploymentPostprocessing = 0;
		};
/* End PBXSourcesBuildPhase section */

/* Begin PBXVariantGroup section */
		3F15033123843FD700A914F9 /* Localizable.strings */ = {
			isa = PBXVariantGroup;
			children = (
				3F15033023843FD700A914F9 /* nl */,
				3F15033323843FF600A914F9 /* Base */,
				3F15033423843FF700A914F9 /* en */,
			);
			name = Localizable.strings;
			sourceTree = "<group>";
		};
		3FFE1C2A238423FE0043E9CA /* Main.storyboard */ = {
			isa = PBXVariantGroup;
			children = (
				3FFE1C2B238423FE0043E9CA /* Base */,
				3F15032623843EB100A914F9 /* nl */,
			);
			name = Main.storyboard;
			sourceTree = "<group>";
		};
		3FFE1C2F238423FE0043E9CA /* LaunchScreen.storyboard */ = {
			isa = PBXVariantGroup;
			children = (
				3FFE1C30238423FE0043E9CA /* Base */,
				3F15032723843EB100A914F9 /* nl */,
			);
			name = LaunchScreen.storyboard;
			sourceTree = "<group>";
		};
/* End PBXVariantGroup section */

/* Begin XCBuildConfiguration section */
		3FFE1C33238423FE0043E9CA /* Debug */ = {
			isa = XCBuildConfiguration;
			buildSettings = {
				ALWAYS_SEARCH_USER_PATHS = NO;
				CLANG_ANALYZER_LOCALIZABILITY_NONLOCALIZED = YES;
				CLANG_ANALYZER_NONNULL = YES;
				CLANG_ANALYZER_NUMBER_OBJECT_CONVERSION = YES_AGGRESSIVE;
				CLANG_CXX_LANGUAGE_STANDARD = "gnu++14";
				CLANG_CXX_LIBRARY = "libc++";
				CLANG_ENABLE_MODULES = YES;
				CLANG_ENABLE_OBJC_ARC = YES;
				CLANG_WARN_BLOCK_CAPTURE_AUTORELEASING = YES;
				CLANG_WARN_BOOL_CONVERSION = YES;
				CLANG_WARN_COMMA = YES;
				CLANG_WARN_CONSTANT_CONVERSION = YES;
				CLANG_WARN_DIRECT_OBJC_ISA_USAGE = YES_ERROR;
				CLANG_WARN_DOCUMENTATION_COMMENTS = YES;
				CLANG_WARN_EMPTY_BODY = YES;
				CLANG_WARN_ENUM_CONVERSION = YES;
				CLANG_WARN_INFINITE_RECURSION = YES;
				CLANG_WARN_INT_CONVERSION = YES;
				CLANG_WARN_NON_LITERAL_NULL_CONVERSION = YES;
				CLANG_WARN_OBJC_LITERAL_CONVERSION = YES;
				CLANG_WARN_OBJC_ROOT_CLASS = YES_ERROR;
				CLANG_WARN_RANGE_LOOP_ANALYSIS = YES;
				CLANG_WARN_STRICT_PROTOTYPES = YES;
				CLANG_WARN_SUSPICIOUS_MOVE = YES;
				CLANG_WARN_UNGUARDED_AVAILABILITY = YES_AGGRESSIVE;
				CLANG_WARN_UNREACHABLE_CODE = YES;
				CLANG_WARN__DUPLICATE_METHOD_MATCH = YES;
				CODE_SIGN_IDENTITY = "iPhone Developer";
				COPY_PHASE_STRIP = NO;
				DEBUG_INFORMATION_FORMAT = dwarf;
				ENABLE_STRICT_OBJC_MSGSEND = YES;
				ENABLE_TESTABILITY = YES;
				GCC_C_LANGUAGE_STANDARD = gnu11;
				GCC_DYNAMIC_NO_PIC = NO;
				GCC_NO_COMMON_BLOCKS = YES;
				GCC_OPTIMIZATION_LEVEL = 0;
				GCC_PREPROCESSOR_DEFINITIONS = (
					"DEBUG=1",
					"$(inherited)",
				);
				GCC_WARN_64_TO_32_BIT_CONVERSION = YES;
				GCC_WARN_ABOUT_RETURN_TYPE = YES_ERROR;
				GCC_WARN_UNDECLARED_SELECTOR = YES;
				GCC_WARN_UNINITIALIZED_AUTOS = YES_AGGRESSIVE;
				GCC_WARN_UNUSED_FUNCTION = YES;
				GCC_WARN_UNUSED_VARIABLE = YES;
				IPHONEOS_DEPLOYMENT_TARGET = 11.0;
				MTL_ENABLE_DEBUG_INFO = YES;
				ONLY_ACTIVE_ARCH = YES;
				SDKROOT = iphoneos;
				SWIFT_ACTIVE_COMPILATION_CONDITIONS = DEBUG;
				SWIFT_OPTIMIZATION_LEVEL = "-Onone";
				SWIFT_VERSION = 3.0;
			};
			name = Debug;
		};
		3FFE1C34238423FE0043E9CA /* Release */ = {
			isa = XCBuildConfiguration;
			buildSettings = {
				ALWAYS_SEARCH_USER_PATHS = NO;
				CLANG_ANALYZER_LOCALIZABILITY_NONLOCALIZED = YES;
				CLANG_ANALYZER_NONNULL = YES;
				CLANG_ANALYZER_NUMBER_OBJECT_CONVERSION = YES_AGGRESSIVE;
				CLANG_CXX_LANGUAGE_STANDARD = "gnu++14";
				CLANG_CXX_LIBRARY = "libc++";
				CLANG_ENABLE_MODULES = YES;
				CLANG_ENABLE_OBJC_ARC = YES;
				CLANG_WARN_BLOCK_CAPTURE_AUTORELEASING = YES;
				CLANG_WARN_BOOL_CONVERSION = YES;
				CLANG_WARN_COMMA = YES;
				CLANG_WARN_CONSTANT_CONVERSION = YES;
				CLANG_WARN_DIRECT_OBJC_ISA_USAGE = YES_ERROR;
				CLANG_WARN_DOCUMENTATION_COMMENTS = YES;
				CLANG_WARN_EMPTY_BODY = YES;
				CLANG_WARN_ENUM_CONVERSION = YES;
				CLANG_WARN_INFINITE_RECURSION = YES;
				CLANG_WARN_INT_CONVERSION = YES;
				CLANG_WARN_NON_LITERAL_NULL_CONVERSION = YES;
				CLANG_WARN_OBJC_LITERAL_CONVERSION = YES;
				CLANG_WARN_OBJC_ROOT_CLASS = YES_ERROR;
				CLANG_WARN_RANGE_LOOP_ANALYSIS = YES;
				CLANG_WARN_STRICT_PROTOTYPES = YES;
				CLANG_WARN_SUSPICIOUS_MOVE = YES;
				CLANG_WARN_UNGUARDED_AVAILABILITY = YES_AGGRESSIVE;
				CLANG_WARN_UNREACHABLE_CODE = YES;
				CLANG_WARN__DUPLICATE_METHOD_MATCH = YES;
				CODE_SIGN_IDENTITY = "iPhone Developer";
				COPY_PHASE_STRIP = NO;
				DEBUG_INFORMATION_FORMAT = "dwarf-with-dsym";
				ENABLE_NS_ASSERTIONS = NO;
				ENABLE_STRICT_OBJC_MSGSEND = YES;
				GCC_C_LANGUAGE_STANDARD = gnu11;
				GCC_NO_COMMON_BLOCKS = YES;
				GCC_WARN_64_TO_32_BIT_CONVERSION = YES;
				GCC_WARN_ABOUT_RETURN_TYPE = YES_ERROR;
				GCC_WARN_UNDECLARED_SELECTOR = YES;
				GCC_WARN_UNINITIALIZED_AUTOS = YES_AGGRESSIVE;
				GCC_WARN_UNUSED_FUNCTION = YES;
				GCC_WARN_UNUSED_VARIABLE = YES;
				IPHONEOS_DEPLOYMENT_TARGET = 11.0;
				MTL_ENABLE_DEBUG_INFO = NO;
				SDKROOT = iphoneos;
				SWIFT_OPTIMIZATION_LEVEL = "-Owholemodule";
				SWIFT_VERSION = 3.0;
				VALIDATE_PRODUCT = YES;
			};
			name = Release;
		};
		3FFE1C36238423FE0043E9CA /* Debug */ = {
			isa = XCBuildConfiguration;
			baseConfigurationReference = 769D2CD3EAC7C8B2E988CFD2 /* Pods-Nizi iOS Applicatie.debug.xcconfig */;
			buildSettings = {
				ASSETCATALOG_COMPILER_APPICON_NAME = AppIcon;
				CODE_SIGN_STYLE = Automatic;
				INFOPLIST_FILE = "Nizi iOS Applicatie/Info.plist";
				LD_RUNPATH_SEARCH_PATHS = "$(inherited) @executable_path/Frameworks";
				PRODUCT_BUNDLE_IDENTIFIER = "nl.MobieleJongens.Nizi.Nizi-iOS-Applicatie";
				PRODUCT_NAME = "$(TARGET_NAME)";
				SWIFT_VERSION = 4.0;
				TARGETED_DEVICE_FAMILY = "1,2";
			};
			name = Debug;
		};
		3FFE1C37238423FE0043E9CA /* Release */ = {
			isa = XCBuildConfiguration;
			baseConfigurationReference = 07B9BB85E39B92F0435FE66F /* Pods-Nizi iOS Applicatie.release.xcconfig */;
			buildSettings = {
				ASSETCATALOG_COMPILER_APPICON_NAME = AppIcon;
				CODE_SIGN_STYLE = Automatic;
				INFOPLIST_FILE = "Nizi iOS Applicatie/Info.plist";
				LD_RUNPATH_SEARCH_PATHS = "$(inherited) @executable_path/Frameworks";
				PRODUCT_BUNDLE_IDENTIFIER = "nl.MobieleJongens.Nizi.Nizi-iOS-Applicatie";
				PRODUCT_NAME = "$(TARGET_NAME)";
				SWIFT_VERSION = 4.0;
				TARGETED_DEVICE_FAMILY = "1,2";
			};
			name = Release;
		};
/* End XCBuildConfiguration section */

/* Begin XCConfigurationList section */
		3FFE1C1E238423FD0043E9CA /* Build configuration list for PBXProject "Nizi iOS Applicatie" */ = {
			isa = XCConfigurationList;
			buildConfigurations = (
				3FFE1C33238423FE0043E9CA /* Debug */,
				3FFE1C34238423FE0043E9CA /* Release */,
			);
			defaultConfigurationIsVisible = 0;
			defaultConfigurationName = Release;
		};
		3FFE1C35238423FE0043E9CA /* Build configuration list for PBXNativeTarget "Nizi iOS Applicatie" */ = {
			isa = XCConfigurationList;
			buildConfigurations = (
				3FFE1C36238423FE0043E9CA /* Debug */,
				3FFE1C37238423FE0043E9CA /* Release */,
			);
			defaultConfigurationIsVisible = 0;
			defaultConfigurationName = Release;
		};
/* End XCConfigurationList section */
	};
	rootObject = 3FFE1C1B238423FD0043E9CA /* Project object */;
}
